
Microsoft Visual Studio Solution File, Format Version 12.00
Project("{FAE04EC0-301F-11D3-BF4B-00C04F79EFBC}") = "PvWhisper", "PvWhisper\PvWhisper.csproj", "{A3DD00FE-FD44-4076-9737-FB0671A43F6D}"
EndProject
Project("{FAE04EC0-301F-11D3-BF4B-00C04F79EFBC}") = "PvWhisper.Tests", "PvWhisper.Tests\PvWhisper.Tests.csproj", "{68461343-DB48-4968-94EB-02877B7AF6F0}"
EndProject
Global
	GlobalSection(SolutionConfigurationPlatforms) = preSolution
		Debug|Any CPU = Debug|Any CPU
		Release|Any CPU = Release|Any CPU
	EndGlobalSection
	GlobalSection(ProjectConfigurationPlatforms) = postSolution
		{A3DD00FE-FD44-4076-9737-FB0671A43F6D}.Debug|Any CPU.ActiveCfg = Debug|Any CPU
		{A3DD00FE-FD44-4076-9737-FB0671A43F6D}.Debug|Any CPU.Build.0 = Debug|Any CPU
		{A3DD00FE-FD44-4076-9737-FB0671A43F6D}.Release|Any CPU.ActiveCfg = Release|Any CPU
		{A3DD00FE-FD44-4076-9737-FB0671A43F6D}.Release|Any CPU.Build.0 = Release|Any CPU
		{68461343-DB48-4968-94EB-02877B7AF6F0}.Debug|Any CPU.ActiveCfg = Debug|Any CPU
		{68461343-DB48-4968-94EB-02877B7AF6F0}.Debug|Any CPU.Build.0 = Debug|Any CPU
		{68461343-DB48-4968-94EB-02877B7AF6F0}.Release|Any CPU.ActiveCfg = Release|Any CPU
		{68461343-DB48-4968-94EB-02877B7AF6F0}.Release|Any CPU.Build.0 = Release|Any CPU
	EndGlobalSection
EndGlobal
